// !$*UTF8*$!
{
	archiveVersion = 1;
	classes = {
	};
	objectVersion = 51;
	objects = {

/* Begin PBXBuildFile section */
		A0109530E5DD0C35D18D532B /* Pods_Foodies.framework in Frameworks */ = {isa = PBXBuildFile; fileRef = FCF6FB2200AA5BB802306EF9 /* Pods_Foodies.framework */; };
		B1048746244D922B00112315 /* OnboardingView.swift in Sources */ = {isa = PBXBuildFile; fileRef = B1048745244D922B00112315 /* OnboardingView.swift */; };
		B104874B244D997C00112315 /* Open_Sans in Resources */ = {isa = PBXBuildFile; fileRef = B1048749244D972C00112315 /* Open_Sans */; };
		B166EF76245372B400AEC054 /* Constants.swift in Sources */ = {isa = PBXBuildFile; fileRef = B166EF75245372B400AEC054 /* Constants.swift */; };
		B166EF7824537A2700AEC054 /* SignInViewController.swift in Sources */ = {isa = PBXBuildFile; fileRef = B166EF7724537A2700AEC054 /* SignInViewController.swift */; };
		B16786BC24542890001D035A /* MaterialComponentsStruct.swift in Sources */ = {isa = PBXBuildFile; fileRef = B16786BB24542890001D035A /* MaterialComponentsStruct.swift */; };
		B16786BE24555A61001D035A /* GoogleService-Info.plist in Resources */ = {isa = PBXBuildFile; fileRef = B16786BD24555A60001D035A /* GoogleService-Info.plist */; };
		B18F09CF244C019B00C22AC6 /* AppDelegate.swift in Sources */ = {isa = PBXBuildFile; fileRef = B18F09CE244C019B00C22AC6 /* AppDelegate.swift */; };
		B18F09D1244C019B00C22AC6 /* SceneDelegate.swift in Sources */ = {isa = PBXBuildFile; fileRef = B18F09D0244C019B00C22AC6 /* SceneDelegate.swift */; };
		B18F09D3244C019B00C22AC6 /* OnboardingViewController.swift in Sources */ = {isa = PBXBuildFile; fileRef = B18F09D2244C019B00C22AC6 /* OnboardingViewController.swift */; };
		B18F09D6244C019B00C22AC6 /* Main.storyboard in Resources */ = {isa = PBXBuildFile; fileRef = B18F09D4244C019B00C22AC6 /* Main.storyboard */; };
		B18F09D8244C019B00C22AC6 /* Assets.xcassets in Resources */ = {isa = PBXBuildFile; fileRef = B18F09D7244C019B00C22AC6 /* Assets.xcassets */; };
		B18F09DB244C019B00C22AC6 /* LaunchScreen.storyboard in Resources */ = {isa = PBXBuildFile; fileRef = B18F09D9244C019B00C22AC6 /* LaunchScreen.storyboard */; };
		B192E538244E406C0032A306 /* SignUpViewController.swift in Sources */ = {isa = PBXBuildFile; fileRef = B192E537244E406C0032A306 /* SignUpViewController.swift */; };
/* End PBXBuildFile section */

/* Begin PBXFileReference section */
		58263C8CAEE2BB0FD46DFF43 /* Pods-Foodies.debug.xcconfig */ = {isa = PBXFileReference; includeInIndex = 1; lastKnownFileType = text.xcconfig; name = "Pods-Foodies.debug.xcconfig"; path = "Target Support Files/Pods-Foodies/Pods-Foodies.debug.xcconfig"; sourceTree = "<group>"; };
		B1048745244D922B00112315 /* OnboardingView.swift */ = {isa = PBXFileReference; lastKnownFileType = sourcecode.swift; path = OnboardingView.swift; sourceTree = "<group>"; };
		B1048749244D972C00112315 /* Open_Sans */ = {isa = PBXFileReference; lastKnownFileType = folder; path = Open_Sans; sourceTree = "<group>"; };
		B161B352EB4B7C066E450707 /* Pods-Foodies.release.xcconfig */ = {isa = PBXFileReference; includeInIndex = 1; lastKnownFileType = text.xcconfig; name = "Pods-Foodies.release.xcconfig"; path = "Target Support Files/Pods-Foodies/Pods-Foodies.release.xcconfig"; sourceTree = "<group>"; };
		B166EF75245372B400AEC054 /* Constants.swift */ = {isa = PBXFileReference; lastKnownFileType = sourcecode.swift; path = Constants.swift; sourceTree = "<group>"; };
		B166EF7724537A2700AEC054 /* SignInViewController.swift */ = {isa = PBXFileReference; lastKnownFileType = sourcecode.swift; path = SignInViewController.swift; sourceTree = "<group>"; };
		B16786BB24542890001D035A /* MaterialComponentsStruct.swift */ = {isa = PBXFileReference; lastKnownFileType = sourcecode.swift; path = MaterialComponentsStruct.swift; sourceTree = "<group>"; };
		B16786BD24555A60001D035A /* GoogleService-Info.plist */ = {isa = PBXFileReference; fileEncoding = 4; lastKnownFileType = text.plist.xml; path = "GoogleService-Info.plist"; sourceTree = "<group>"; };
		B18F09CB244C019B00C22AC6 /* Foodies.app */ = {isa = PBXFileReference; explicitFileType = wrapper.application; includeInIndex = 0; path = Foodies.app; sourceTree = BUILT_PRODUCTS_DIR; };
		B18F09CE244C019B00C22AC6 /* AppDelegate.swift */ = {isa = PBXFileReference; lastKnownFileType = sourcecode.swift; path = AppDelegate.swift; sourceTree = "<group>"; };
		B18F09D0244C019B00C22AC6 /* SceneDelegate.swift */ = {isa = PBXFileReference; lastKnownFileType = sourcecode.swift; path = SceneDelegate.swift; sourceTree = "<group>"; };
		B18F09D2244C019B00C22AC6 /* OnboardingViewController.swift */ = {isa = PBXFileReference; lastKnownFileType = sourcecode.swift; path = OnboardingViewController.swift; sourceTree = "<group>"; };
		B18F09D5244C019B00C22AC6 /* Base */ = {isa = PBXFileReference; lastKnownFileType = file.storyboard; name = Base; path = Base.lproj/Main.storyboard; sourceTree = "<group>"; };
		B18F09D7244C019B00C22AC6 /* Assets.xcassets */ = {isa = PBXFileReference; lastKnownFileType = folder.assetcatalog; path = Assets.xcassets; sourceTree = "<group>"; };
		B18F09DA244C019B00C22AC6 /* Base */ = {isa = PBXFileReference; lastKnownFileType = file.storyboard; name = Base; path = Base.lproj/LaunchScreen.storyboard; sourceTree = "<group>"; };
		B18F09DC244C019B00C22AC6 /* Info.plist */ = {isa = PBXFileReference; lastKnownFileType = text.plist.xml; path = Info.plist; sourceTree = "<group>"; };
		B192E537244E406C0032A306 /* SignUpViewController.swift */ = {isa = PBXFileReference; lastKnownFileType = sourcecode.swift; path = SignUpViewController.swift; sourceTree = "<group>"; };
		FCF6FB2200AA5BB802306EF9 /* Pods_Foodies.framework */ = {isa = PBXFileReference; explicitFileType = wrapper.framework; includeInIndex = 0; path = Pods_Foodies.framework; sourceTree = BUILT_PRODUCTS_DIR; };
/* End PBXFileReference section */

/* Begin PBXFrameworksBuildPhase section */
		B18F09C8244C019B00C22AC6 /* Frameworks */ = {
			isa = PBXFrameworksBuildPhase;
			buildActionMask = 2147483647;
			files = (
				A0109530E5DD0C35D18D532B /* Pods_Foodies.framework in Frameworks */,
			);
			runOnlyForDeploymentPostprocessing = 0;
		};
/* End PBXFrameworksBuildPhase section */

/* Begin PBXGroup section */
		6D5D4F573DFC4A5D3C259E0F /* Pods */ = {
			isa = PBXGroup;
			children = (
				58263C8CAEE2BB0FD46DFF43 /* Pods-Foodies.debug.xcconfig */,
				B161B352EB4B7C066E450707 /* Pods-Foodies.release.xcconfig */,
			);
			path = Pods;
			sourceTree = "<group>";
		};
		AD6C8D5645CED9C6381CB7F5 /* Frameworks */ = {
			isa = PBXGroup;
			children = (
				FCF6FB2200AA5BB802306EF9 /* Pods_Foodies.framework */,
			);
			name = Frameworks;
			sourceTree = "<group>";
		};
		B166EF7224536ECB00AEC054 /* Controllers */ = {
			isa = PBXGroup;
			children = (
				B18F09D2244C019B00C22AC6 /* OnboardingViewController.swift */,
				B192E537244E406C0032A306 /* SignUpViewController.swift */,
				B166EF7724537A2700AEC054 /* SignInViewController.swift */,
			);
			path = Controllers;
			sourceTree = "<group>";
		};
		B166EF7324536EE100AEC054 /* Views */ = {
			isa = PBXGroup;
			children = (
				B18F09D4244C019B00C22AC6 /* Main.storyboard */,
			);
			path = Views;
			sourceTree = "<group>";
		};
		B166EF7424536F0400AEC054 /* Models */ = {
			isa = PBXGroup;
			children = (
			);
			name = Models;
			path = ..;
			sourceTree = "<group>";
		};
		B18F09C2244C019B00C22AC6 = {
			isa = PBXGroup;
			children = (
				B1048745244D922B00112315 /* OnboardingView.swift */,
				B18F09CD244C019B00C22AC6 /* Foodies */,
				B18F09CC244C019B00C22AC6 /* Products */,
				6D5D4F573DFC4A5D3C259E0F /* Pods */,
				AD6C8D5645CED9C6381CB7F5 /* Frameworks */,
			);
			sourceTree = "<group>";
		};
		B18F09CC244C019B00C22AC6 /* Products */ = {
			isa = PBXGroup;
			children = (
				B18F09CB244C019B00C22AC6 /* Foodies.app */,
			);
			name = Products;
			sourceTree = "<group>";
		};
		B18F09CD244C019B00C22AC6 /* Foodies */ = {
			isa = PBXGroup;
			children = (
				B18F09CE244C019B00C22AC6 /* AppDelegate.swift */,
				B18F09D0244C019B00C22AC6 /* SceneDelegate.swift */,
				B166EF7424536F0400AEC054 /* Models */,
				B166EF7324536EE100AEC054 /* Views */,
				B166EF7224536ECB00AEC054 /* Controllers */,
				B18F09D7244C019B00C22AC6 /* Assets.xcassets */,
				B1048749244D972C00112315 /* Open_Sans */,
				B18F09D9244C019B00C22AC6 /* LaunchScreen.storyboard */,
				B18F09DC244C019B00C22AC6 /* Info.plist */,
				B16786BD24555A60001D035A /* GoogleService-Info.plist */,
				B166EF75245372B400AEC054 /* Constants.swift */,
				B16786BB24542890001D035A /* MaterialComponentsStruct.swift */,
			);
			path = Foodies;
			sourceTree = "<group>";
		};
/* End PBXGroup section */

/* Begin PBXNativeTarget section */
		B18F09CA244C019B00C22AC6 /* Foodies */ = {
			isa = PBXNativeTarget;
			buildConfigurationList = B18F09DF244C019B00C22AC6 /* Build configuration list for PBXNativeTarget "Foodies" */;
			buildPhases = (
				BB8F41CB85C74C56CBB62805 /* [CP] Check Pods Manifest.lock */,
				B18F09C7244C019B00C22AC6 /* Sources */,
				B18F09C8244C019B00C22AC6 /* Frameworks */,
				B18F09C9244C019B00C22AC6 /* Resources */,
				B43974EA0AF61CBC45C4C890 /* [CP] Embed Pods Frameworks */,
			);
			buildRules = (
			);
			dependencies = (
			);
			name = Foodies;
			productName = Foodies;
			productReference = B18F09CB244C019B00C22AC6 /* Foodies.app */;
			productType = "com.apple.product-type.application";
		};
/* End PBXNativeTarget section */

/* Begin PBXProject section */
		B18F09C3244C019B00C22AC6 /* Project object */ = {
			isa = PBXProject;
			attributes = {
				LastSwiftUpdateCheck = 1140;
				LastUpgradeCheck = 1140;
				ORGANIZATIONNAME = "Majd Zaatri";
				TargetAttributes = {
					B18F09CA244C019B00C22AC6 = {
						CreatedOnToolsVersion = 11.4.1;
					};
				};
			};
			buildConfigurationList = B18F09C6244C019B00C22AC6 /* Build configuration list for PBXProject "Foodies" */;
			compatibilityVersion = "Xcode 9.3";
			developmentRegion = en;
			hasScannedForEncodings = 0;
			knownRegions = (
				en,
				Base,
			);
			mainGroup = B18F09C2244C019B00C22AC6;
			productRefGroup = B18F09CC244C019B00C22AC6 /* Products */;
			projectDirPath = "";
			projectRoot = "";
			targets = (
				B18F09CA244C019B00C22AC6 /* Foodies */,
			);
		};
/* End PBXProject section */

/* Begin PBXResourcesBuildPhase section */
		B18F09C9244C019B00C22AC6 /* Resources */ = {
			isa = PBXResourcesBuildPhase;
			buildActionMask = 2147483647;
			files = (
				B18F09DB244C019B00C22AC6 /* LaunchScreen.storyboard in Resources */,
				B18F09D8244C019B00C22AC6 /* Assets.xcassets in Resources */,
				B16786BE24555A61001D035A /* GoogleService-Info.plist in Resources */,
				B104874B244D997C00112315 /* Open_Sans in Resources */,
				B18F09D6244C019B00C22AC6 /* Main.storyboard in Resources */,
			);
			runOnlyForDeploymentPostprocessing = 0;
		};
/* End PBXResourcesBuildPhase section */

/* Begin PBXShellScriptBuildPhase section */
		B43974EA0AF61CBC45C4C890 /* [CP] Embed Pods Frameworks */ = {
			isa = PBXShellScriptBuildPhase;
			buildActionMask = 2147483647;
			files = (
			);
			inputFileListPaths = (
				"${PODS_ROOT}/Target Support Files/Pods-Foodies/Pods-Foodies-frameworks-${CONFIGURATION}-input-files.xcfilelist",
			);
			name = "[CP] Embed Pods Frameworks";
			outputFileListPaths = (
				"${PODS_ROOT}/Target Support Files/Pods-Foodies/Pods-Foodies-frameworks-${CONFIGURATION}-output-files.xcfilelist",
			);
			runOnlyForDeploymentPostprocessing = 0;
			shellPath = /bin/sh;
			shellScript = "\"${PODS_ROOT}/Target Support Files/Pods-Foodies/Pods-Foodies-frameworks.sh\"\n";
			showEnvVarsInLog = 0;
		};
		BB8F41CB85C74C56CBB62805 /* [CP] Check Pods Manifest.lock */ = {
			isa = PBXShellScriptBuildPhase;
			buildActionMask = 2147483647;
			files = (
			);
			inputFileListPaths = (
			);
			inputPaths = (
				"${PODS_PODFILE_DIR_PATH}/Podfile.lock",
				"${PODS_ROOT}/Manifest.lock",
			);
			name = "[CP] Check Pods Manifest.lock";
			outputFileListPaths = (
			);
			outputPaths = (
				"$(DERIVED_FILE_DIR)/Pods-Foodies-checkManifestLockResult.txt",
			);
			runOnlyForDeploymentPostprocessing = 0;
			shellPath = /bin/sh;
			shellScript = "diff \"${PODS_PODFILE_DIR_PATH}/Podfile.lock\" \"${PODS_ROOT}/Manifest.lock\" > /dev/null\nif [ $? != 0 ] ; then\n    # print error to STDERR\n    echo \"error: The sandbox is not in sync with the Podfile.lock. Run 'pod install' or update your CocoaPods installation.\" >&2\n    exit 1\nfi\n# This output is used by Xcode 'outputs' to avoid re-running this script phase.\necho \"SUCCESS\" > \"${SCRIPT_OUTPUT_FILE_0}\"\n";
			showEnvVarsInLog = 0;
		};
/* End PBXShellScriptBuildPhase section */

/* Begin PBXSourcesBuildPhase section */
		B18F09C7244C019B00C22AC6 /* Sources */ = {
			isa = PBXSourcesBuildPhase;
			buildActionMask = 2147483647;
			files = (
				B16786BC24542890001D035A /* MaterialComponentsStruct.swift in Sources */,
				B166EF7824537A2700AEC054 /* SignInViewController.swift in Sources */,
				B18F09D3244C019B00C22AC6 /* OnboardingViewController.swift in Sources */,
				B1048746244D922B00112315 /* OnboardingView.swift in Sources */,
				B192E538244E406C0032A306 /* SignUpViewController.swift in Sources */,
				B18F09CF244C019B00C22AC6 /* AppDelegate.swift in Sources */,
				B18F09D1244C019B00C22AC6 /* SceneDelegate.swift in Sources */,
				B166EF76245372B400AEC054 /* Constants.swift in Sources */,
			);
			runOnlyForDeploymentPostprocessing = 0;
		};
/* End PBXSourcesBuildPhase section */

/* Begin PBXVariantGroup section */
		B18F09D4244C019B00C22AC6 /* Main.storyboard */ = {
			isa = PBXVariantGroup;
			children = (
				B18F09D5244C019B00C22AC6 /* Base */,
			);
			name = Main.storyboard;
			sourceTree = "<group>";
		};
		B18F09D9244C019B00C22AC6 /* LaunchScreen.storyboard */ = {
			isa = PBXVariantGroup;
			children = (
				B18F09DA244C019B00C22AC6 /* Base */,
			);
			name = LaunchScreen.storyboard;
			sourceTree = "<group>";
		};
/* End PBXVariantGroup section */

/* Begin XCBuildConfiguration section */
		B18F09DD244C019B00C22AC6 /* Debug */ = {
			isa = XCBuildConfiguration;
			buildSettings = {
				ALWAYS_SEARCH_USER_PATHS = NO;
				CLANG_ANALYZER_NONNULL = YES;
				CLANG_ANALYZER_NUMBER_OBJECT_CONVERSION = YES_AGGRESSIVE;
				CLANG_CXX_LANGUAGE_STANDARD = "gnu++14";
				CLANG_CXX_LIBRARY = "libc++";
				CLANG_ENABLE_MODULES = YES;
				CLANG_ENABLE_OBJC_ARC = YES;
				CLANG_ENABLE_OBJC_WEAK = YES;
				CLANG_WARN_BLOCK_CAPTURE_AUTORELEASING = YES;
				CLANG_WARN_BOOL_CONVERSION = YES;
				CLANG_WARN_COMMA = YES;
				CLANG_WARN_CONSTANT_CONVERSION = YES;
				CLANG_WARN_DEPRECATED_OBJC_IMPLEMENTATIONS = YES;
				CLANG_WARN_DIRECT_OBJC_ISA_USAGE = YES_ERROR;
				CLANG_WARN_DOCUMENTATION_COMMENTS = YES;
				CLANG_WARN_EMPTY_BODY = YES;
				CLANG_WARN_ENUM_CONVERSION = YES;
				CLANG_WARN_INFINITE_RECURSION = YES;
				CLANG_WARN_INT_CONVERSION = YES;
				CLANG_WARN_NON_LITERAL_NULL_CONVERSION = YES;
				CLANG_WARN_OBJC_IMPLICIT_RETAIN_SELF = YES;
				CLANG_WARN_OBJC_LITERAL_CONVERSION = YES;
				CLANG_WARN_OBJC_ROOT_CLASS = YES_ERROR;
				CLANG_WARN_RANGE_LOOP_ANALYSIS = YES;
				CLANG_WARN_STRICT_PROTOTYPES = YES;
				CLANG_WARN_SUSPICIOUS_MOVE = YES;
				CLANG_WARN_UNGUARDED_AVAILABILITY = YES_AGGRESSIVE;
				CLANG_WARN_UNREACHABLE_CODE = YES;
				CLANG_WARN__DUPLICATE_METHOD_MATCH = YES;
				COPY_PHASE_STRIP = NO;
				DEBUG_INFORMATION_FORMAT = dwarf;
				ENABLE_STRICT_OBJC_MSGSEND = YES;
				ENABLE_TESTABILITY = YES;
				GCC_C_LANGUAGE_STANDARD = gnu11;
				GCC_DYNAMIC_NO_PIC = NO;
				GCC_NO_COMMON_BLOCKS = YES;
				GCC_OPTIMIZATION_LEVEL = 0;
				GCC_PREPROCESSOR_DEFINITIONS = (
					"DEBUG=1",
					"$(inherited)",
				);
				GCC_WARN_64_TO_32_BIT_CONVERSION = YES;
				GCC_WARN_ABOUT_RETURN_TYPE = YES_ERROR;
				GCC_WARN_UNDECLARED_SELECTOR = YES;
				GCC_WARN_UNINITIALIZED_AUTOS = YES_AGGRESSIVE;
				GCC_WARN_UNUSED_FUNCTION = YES;
				GCC_WARN_UNUSED_VARIABLE = YES;
				IPHONEOS_DEPLOYMENT_TARGET = 13.4;
				MTL_ENABLE_DEBUG_INFO = INCLUDE_SOURCE;
				MTL_FAST_MATH = YES;
				ONLY_ACTIVE_ARCH = YES;
				SDKROOT = iphoneos;
				SWIFT_ACTIVE_COMPILATION_CONDITIONS = DEBUG;
				SWIFT_OPTIMIZATION_LEVEL = "-Onone";
			};
			name = Debug;
		};
		B18F09DE244C019B00C22AC6 /* Release */ = {
			isa = XCBuildConfiguration;
			buildSettings = {
				ALWAYS_SEARCH_USER_PATHS = NO;
				CLANG_ANALYZER_NONNULL = YES;
				CLANG_ANALYZER_NUMBER_OBJECT_CONVERSION = YES_AGGRESSIVE;
				CLANG_CXX_LANGUAGE_STANDARD = "gnu++14";
				CLANG_CXX_LIBRARY = "libc++";
				CLANG_ENABLE_MODULES = YES;
				CLANG_ENABLE_OBJC_ARC = YES;
				CLANG_ENABLE_OBJC_WEAK = YES;
				CLANG_WARN_BLOCK_CAPTURE_AUTORELEASING = YES;
				CLANG_WARN_BOOL_CONVERSION = YES;
				CLANG_WARN_COMMA = YES;
				CLANG_WARN_CONSTANT_CONVERSION = YES;
				CLANG_WARN_DEPRECATED_OBJC_IMPLEMENTATIONS = YES;
				CLANG_WARN_DIRECT_OBJC_ISA_USAGE = YES_ERROR;
				CLANG_WARN_DOCUMENTATION_COMMENTS = YES;
				CLANG_WARN_EMPTY_BODY = YES;
				CLANG_WARN_ENUM_CONVERSION = YES;
				CLANG_WARN_INFINITE_RECURSION = YES;
				CLANG_WARN_INT_CONVERSION = YES;
				CLANG_WARN_NON_LITERAL_NULL_CONVERSION = YES;
				CLANG_WARN_OBJC_IMPLICIT_RETAIN_SELF = YES;
				CLANG_WARN_OBJC_LITERAL_CONVERSION = YES;
				CLANG_WARN_OBJC_ROOT_CLASS = YES_ERROR;
				CLANG_WARN_RANGE_LOOP_ANALYSIS = YES;
				CLANG_WARN_STRICT_PROTOTYPES = YES;
				CLANG_WARN_SUSPICIOUS_MOVE = YES;
				CLANG_WARN_UNGUARDED_AVAILABILITY = YES_AGGRESSIVE;
				CLANG_WARN_UNREACHABLE_CODE = YES;
				CLANG_WARN__DUPLICATE_METHOD_MATCH = YES;
				COPY_PHASE_STRIP = NO;
				DEBUG_INFORMATION_FORMAT = "dwarf-with-dsym";
				ENABLE_NS_ASSERTIONS = NO;
				ENABLE_STRICT_OBJC_MSGSEND = YES;
				GCC_C_LANGUAGE_STANDARD = gnu11;
				GCC_NO_COMMON_BLOCKS = YES;
				GCC_WARN_64_TO_32_BIT_CONVERSION = YES;
				GCC_WARN_ABOUT_RETURN_TYPE = YES_ERROR;
				GCC_WARN_UNDECLARED_SELECTOR = YES;
				GCC_WARN_UNINITIALIZED_AUTOS = YES_AGGRESSIVE;
				GCC_WARN_UNUSED_FUNCTION = YES;
				GCC_WARN_UNUSED_VARIABLE = YES;
				IPHONEOS_DEPLOYMENT_TARGET = 13.4;
				MTL_ENABLE_DEBUG_INFO = NO;
				MTL_FAST_MATH = YES;
				SDKROOT = iphoneos;
				SWIFT_COMPILATION_MODE = wholemodule;
				SWIFT_OPTIMIZATION_LEVEL = "-O";
				VALIDATE_PRODUCT = YES;
			};
			name = Release;
		};
		B18F09E0244C019B00C22AC6 /* Debug */ = {
			isa = XCBuildConfiguration;
			baseConfigurationReference = 58263C8CAEE2BB0FD46DFF43 /* Pods-Foodies.debug.xcconfig */;
			buildSettings = {
				ASSETCATALOG_COMPILER_APPICON_NAME = AppIcon;
				CODE_SIGN_STYLE = Automatic;
				DEVELOPMENT_TEAM = VKJRC3N76P;
				INFOPLIST_FILE = Foodies/Info.plist;
				IPHONEOS_DEPLOYMENT_TARGET = 13.0;
				LD_RUNPATH_SEARCH_PATHS = (
					"$(inherited)",
					"@executable_path/Frameworks",
				);
				PRODUCT_BUNDLE_IDENTIFIER = com.MajdZaatri.Foodies;
				PRODUCT_NAME = "$(TARGET_NAME)";
				SWIFT_VERSION = 5.0;
				TARGETED_DEVICE_FAMILY = "1,2";
			};
			name = Debug;
		};
		B18F09E1244C019B00C22AC6 /* Release */ = {
			isa = XCBuildConfiguration;
			baseConfigurationReference = B161B352EB4B7C066E450707 /* Pods-Foodies.release.xcconfig */;
			buildSettings = {
				ASSETCATALOG_COMPILER_APPICON_NAME = AppIcon;
				CODE_SIGN_STYLE = Automatic;
				DEVELOPMENT_TEAM = VKJRC3N76P;
				INFOPLIST_FILE = Foodies/Info.plist;
				IPHONEOS_DEPLOYMENT_TARGET = 13.0;
				LD_RUNPATH_SEARCH_PATHS = (
					"$(inherited)",
					"@executable_path/Frameworks",
				);
				PRODUCT_BUNDLE_IDENTIFIER = com.MajdZaatri.Foodies;
				PRODUCT_NAME = "$(TARGET_NAME)";
				SWIFT_VERSION = 5.0;
				TARGETED_DEVICE_FAMILY = "1,2";
			};
			name = Release;
		};
/* End XCBuildConfiguration section */

/* Begin XCConfigurationList section */
		B18F09C6244C019B00C22AC6 /* Build configuration list for PBXProject "Foodies" */ = {
			isa = XCConfigurationList;
			buildConfigurations = (
				B18F09DD244C019B00C22AC6 /* Debug */,
				B18F09DE244C019B00C22AC6 /* Release */,
			);
			defaultConfigurationIsVisible = 0;
			defaultConfigurationName = Release;
		};
		B18F09DF244C019B00C22AC6 /* Build configuration list for PBXNativeTarget "Foodies" */ = {
			isa = XCConfigurationList;
			buildConfigurations = (
				B18F09E0244C019B00C22AC6 /* Debug */,
				B18F09E1244C019B00C22AC6 /* Release */,
			);
			defaultConfigurationIsVisible = 0;
			defaultConfigurationName = Release;
		};
/* End XCConfigurationList section */
	};
	rootObject = B18F09C3244C019B00C22AC6 /* Project object */;
}
